
Microsoft Visual Studio Solution File, Format Version 12.00
# Visual Studio Version 17
VisualStudioVersion = 17.7.33906.173
MinimumVisualStudioVersion = 10.0.40219.1
Project("{FAE04EC0-301F-11D3-BF4B-00C04F79EFBC}") = "GC_AllocateNewArray_Bench", "GC_AllocateNewArray_Bench.csproj", "{D1B09DC7-117C-482C-95BB-0F50F44A8A6F}"
EndProject
Global
	GlobalSection(SolutionConfigurationPlatforms) = preSolution
		Debug|Any CPU = Debug|Any CPU
		Release|Any CPU = Release|Any CPU
	EndGlobalSection
	GlobalSection(ProjectConfigurationPlatforms) = postSolution
		{D1B09DC7-117C-482C-95BB-0F50F44A8A6F}.Debug|Any CPU.ActiveCfg = Debug|Any CPU
		{D1B09DC7-117C-482C-95BB-0F50F44A8A6F}.Debug|Any CPU.Build.0 = Debug|Any CPU
		{D1B09DC7-117C-482C-95BB-0F50F44A8A6F}.Release|Any CPU.ActiveCfg = Release|Any CPU
		{D1B09DC7-117C-482C-95BB-0F50F44A8A6F}.Release|Any CPU.Build.0 = Release|Any CPU
	EndGlobalSection
	GlobalSection(SolutionProperties) = preSolution
		HideSolutionNode = FALSE
	EndGlobalSection
	GlobalSection(ExtensibilityGlobals) = postSolution
		SolutionGuid = {A40424DA-0369-417A-AB34-D95D6F56E20E}
	EndGlobalSection
EndGlobal
